# This file is @generated by PDM.
# It is not intended for manual editing.

[metadata]
groups = ["default"]
strategy = ["inherit_metadata"]
lock_version = "4.5.0"
content_hash = "sha256:767d9fd57653edf48253270530184c1861273ee35291b85838c9f425de63dc62"

[[metadata.targets]]
requires_python = ">=3.8"
